{
    "_meta": {
        "hash": {
            "sha256": "d54c3062e013a2751e84fd8070169b0ddce41a9bc942307a4e580b0ca4c4e8d1"
        },
        "pipfile-spec": 6,
        "requires": {
            "python_version": "3.6"
        },
        "sources": [
            {
                "name": "pypi",
                "url": "https://pypi.python.org/simple",
                "verify_ssl": true
            }
        ]
    },
    "default": {
        "0269f63": {
            "editable": true,
            "path": "."
        },
        "future": {
            "hashes": [
                "sha256:67045236dcfd6816dc439556d009594abf643e5eb48992e36beac09c2ca659b8"
            ],
            "version": "==0.17.1"
        },
        "pyglet": {
            "hashes": [
                "sha256:42cce50a97cf524a28d3176652353ca3a7e73fb46c093c1eba698df20822578c",
                "sha256:a81216fc522a086e4e4c5215d14b3e2c6843df4041cb2f57ccc8fb19a933bf9d"
            ],
            "index": "pypi",
            "version": "==1.4.1"
        },
        "pyopengl": {
            "hashes": [
                "sha256:ac73b4c0b433be02d6a55b9ed768acf07003a92a3315ba9d62bc8f8da5f0c291"
            ],
            "index": "pypi",
            "version": "==3.1.3b2"
        },
        "pyopengl-accelerate": {
            "hashes": [
                "sha256:087e77b94519c5a02d601a271dfce678d111f518746ebdaf2dcc85f53251f340",
                "sha256:14f9e925c63d157ac8875fff08febe038aa799eb001216704e994f6f6db3fcb5",
                "sha256:462f4a96b883a5afb112b141de7cec694db44504bdafbbc538cf3fa45f1a55d9",
                "sha256:4b09282533018a812c2c60d00d22b54362601f465dc4e7a5979c53e0b4644b08",
                "sha256:692ce2a9ebc417a2f97f10a0fa5b8570b40d08c38613e33e2b74793ce79c408a",
                "sha256:740181a26cc7afc4d9a13d74a9d6e9800b3e629077e2dd1c3df3af4bb39c61a8",
                "sha256:793f993749afefcef6a7df6e7234aa3860c4504c270a09d79b6496a94a0d79c2",
                "sha256:bc25fa5a9140db94e6f1d355d88b3c53efe30f5e933031d829fb07b32eb4ae2b",
                "sha256:bf625707c460ec21117c42a7acb51e6b02721f79e952d23f67f14f68733ebdec",
                "sha256:e687eea7e006d65f531933b49b3b3d2feaaf51279147a904247f9d189762a36f",
                "sha256:f14f5bdee02f35878ae003a15e6179b44f09b277902b85ffd23698b385679e6e"
            ],
            "index": "pypi",
            "version": "==3.1.3b1"
        }
    },
    "develop": {}
}
